
Microsoft Visual Studio Solution File, Format Version 12.00
# Visual Studio Version 16
VisualStudioVersion = 16.0.32901.82
MinimumVisualStudioVersion = 10.0.40219.1
Project("{FAE04EC0-301F-11D3-BF4B-00C04F79EFBC}") = "ConsoleApp1", "ConsoleApp1\ConsoleApp1.csproj", "{D54D00EA-E4AE-4BA7-B2DF-93E031B7E359}"
EndProject
Global
	GlobalSection(SolutionConfigurationPlatforms) = preSolution
		Debug|Any CPU = Debug|Any CPU
		Release|Any CPU = Release|Any CPU
	EndGlobalSection
	GlobalSection(ProjectConfigurationPlatforms) = postSolution
		{D54D00EA-E4AE-4BA7-B2DF-93E031B7E359}.Debug|Any CPU.ActiveCfg = Debug|Any CPU
		{D54D00EA-E4AE-4BA7-B2DF-93E031B7E359}.Debug|Any CPU.Build.0 = Debug|Any CPU
		{D54D00EA-E4AE-4BA7-B2DF-93E031B7E359}.Release|Any CPU.ActiveCfg = Release|Any CPU
		{D54D00EA-E4AE-4BA7-B2DF-93E031B7E359}.Release|Any CPU.Build.0 = Release|Any CPU
	EndGlobalSection
	GlobalSection(SolutionProperties) = preSolution
		HideSolutionNode = FALSE
	EndGlobalSection
	GlobalSection(ExtensibilityGlobals) = postSolution
		SolutionGuid = {FD217753-20E2-4588-A904-60CF9BC1D152}
	EndGlobalSection
EndGlobal
